
Microsoft Visual Studio Solution File, Format Version 12.00
# Visual Studio Version 16
VisualStudioVersion = 16.0.30413.136
MinimumVisualStudioVersion = 10.0.40219.1
Project("{8BC9CEB8-8B4A-11D0-8D11-00A0C91BC942}") = "CommonFeature7_1", "CommonFeature7_1\CommonFeature7_1.vcxproj", "{0094E38A-E943-468D-B678-CCD8CF3A7CD0}"
EndProject
Project("{8BC9CEB8-8B4A-11D0-8D11-00A0C91BC942}") = "Array7_2", "Array7_2\Array7_2.vcxproj", "{1E41C4BA-7C42-4B80-9959-20586DECDBB9}"
EndProject
Project("{8BC9CEB8-8B4A-11D0-8D11-00A0C91BC942}") = "Vector7_3", "Vector7_3\Vector7_3.vcxproj", "{2C568AC3-238A-47CA-951E-92FD00794DED}"
EndProject
Project("{8BC9CEB8-8B4A-11D0-8D11-00A0C91BC942}") = "Deque7_4", "Deque7_4\Deque7_4.vcxproj", "{F901E1C2-4802-49C0-BB8A-DF16D38B0B66}"
EndProject
Project("{8BC9CEB8-8B4A-11D0-8D11-00A0C91BC942}") = "List7_5", "List7_5\List7_5.vcxproj", "{F1A1CE79-ED1F-4E69-9B1F-D5D5A0A9841F}"
EndProject
Project("{8BC9CEB8-8B4A-11D0-8D11-00A0C91BC942}") = "ForwadList7_6", "ForwadList7_6\ForwadList7_6.vcxproj", "{172FD2CB-2195-48EA-B248-ADE93118CC81}"
EndProject
Project("{8BC9CEB8-8B4A-11D0-8D11-00A0C91BC942}") = "Set7_7", "Set7_7\Set7_7.vcxproj", "{9BAFB2E6-7A7D-4330-8576-1AEDE54A268F}"
EndProject
Project("{8BC9CEB8-8B4A-11D0-8D11-00A0C91BC942}") = "Map7_8", "Map7_8\Map7_8.vcxproj", "{B0B8D5B9-CF2A-457B-A212-9BB42AFC5EB5}"
EndProject
Global
	GlobalSection(SolutionConfigurationPlatforms) = preSolution
		Debug|x64 = Debug|x64
		Debug|x86 = Debug|x86
		Release|x64 = Release|x64
		Release|x86 = Release|x86
	EndGlobalSection
	GlobalSection(ProjectConfigurationPlatforms) = postSolution
		{0094E38A-E943-468D-B678-CCD8CF3A7CD0}.Debug|x64.ActiveCfg = Debug|x64
		{0094E38A-E943-468D-B678-CCD8CF3A7CD0}.Debug|x64.Build.0 = Debug|x64
		{0094E38A-E943-468D-B678-CCD8CF3A7CD0}.Debug|x86.ActiveCfg = Debug|Win32
		{0094E38A-E943-468D-B678-CCD8CF3A7CD0}.Debug|x86.Build.0 = Debug|Win32
		{0094E38A-E943-468D-B678-CCD8CF3A7CD0}.Release|x64.ActiveCfg = Release|x64
		{0094E38A-E943-468D-B678-CCD8CF3A7CD0}.Release|x64.Build.0 = Release|x64
		{0094E38A-E943-468D-B678-CCD8CF3A7CD0}.Release|x86.ActiveCfg = Release|Win32
		{0094E38A-E943-468D-B678-CCD8CF3A7CD0}.Release|x86.Build.0 = Release|Win32
		{1E41C4BA-7C42-4B80-9959-20586DECDBB9}.Debug|x64.ActiveCfg = Debug|x64
		{1E41C4BA-7C42-4B80-9959-20586DECDBB9}.Debug|x64.Build.0 = Debug|x64
		{1E41C4BA-7C42-4B80-9959-20586DECDBB9}.Debug|x86.ActiveCfg = Debug|Win32
		{1E41C4BA-7C42-4B80-9959-20586DECDBB9}.Debug|x86.Build.0 = Debug|Win32
		{1E41C4BA-7C42-4B80-9959-20586DECDBB9}.Release|x64.ActiveCfg = Release|x64
		{1E41C4BA-7C42-4B80-9959-20586DECDBB9}.Release|x64.Build.0 = Release|x64
		{1E41C4BA-7C42-4B80-9959-20586DECDBB9}.Release|x86.ActiveCfg = Release|Win32
		{1E41C4BA-7C42-4B80-9959-20586DECDBB9}.Release|x86.Build.0 = Release|Win32
		{2C568AC3-238A-47CA-951E-92FD00794DED}.Debug|x64.ActiveCfg = Debug|x64
		{2C568AC3-238A-47CA-951E-92FD00794DED}.Debug|x64.Build.0 = Debug|x64
		{2C568AC3-238A-47CA-951E-92FD00794DED}.Debug|x86.ActiveCfg = Debug|Win32
		{2C568AC3-238A-47CA-951E-92FD00794DED}.Debug|x86.Build.0 = Debug|Win32
		{2C568AC3-238A-47CA-951E-92FD00794DED}.Release|x64.ActiveCfg = Release|x64
		{2C568AC3-238A-47CA-951E-92FD00794DED}.Release|x64.Build.0 = Release|x64
		{2C568AC3-238A-47CA-951E-92FD00794DED}.Release|x86.ActiveCfg = Release|Win32
		{2C568AC3-238A-47CA-951E-92FD00794DED}.Release|x86.Build.0 = Release|Win32
		{F901E1C2-4802-49C0-BB8A-DF16D38B0B66}.Debug|x64.ActiveCfg = Debug|x64
		{F901E1C2-4802-49C0-BB8A-DF16D38B0B66}.Debug|x64.Build.0 = Debug|x64
		{F901E1C2-4802-49C0-BB8A-DF16D38B0B66}.Debug|x86.ActiveCfg = Debug|Win32
		{F901E1C2-4802-49C0-BB8A-DF16D38B0B66}.Debug|x86.Build.0 = Debug|Win32
		{F901E1C2-4802-49C0-BB8A-DF16D38B0B66}.Release|x64.ActiveCfg = Release|x64
		{F901E1C2-4802-49C0-BB8A-DF16D38B0B66}.Release|x64.Build.0 = Release|x64
		{F901E1C2-4802-49C0-BB8A-DF16D38B0B66}.Release|x86.ActiveCfg = Release|Win32
		{F901E1C2-4802-49C0-BB8A-DF16D38B0B66}.Release|x86.Build.0 = Release|Win32
		{F1A1CE79-ED1F-4E69-9B1F-D5D5A0A9841F}.Debug|x64.ActiveCfg = Debug|x64
		{F1A1CE79-ED1F-4E69-9B1F-D5D5A0A9841F}.Debug|x64.Build.0 = Debug|x64
		{F1A1CE79-ED1F-4E69-9B1F-D5D5A0A9841F}.Debug|x86.ActiveCfg = Debug|Win32
		{F1A1CE79-ED1F-4E69-9B1F-D5D5A0A9841F}.Debug|x86.Build.0 = Debug|Win32
		{F1A1CE79-ED1F-4E69-9B1F-D5D5A0A9841F}.Release|x64.ActiveCfg = Release|x64
		{F1A1CE79-ED1F-4E69-9B1F-D5D5A0A9841F}.Release|x64.Build.0 = Release|x64
		{F1A1CE79-ED1F-4E69-9B1F-D5D5A0A9841F}.Release|x86.ActiveCfg = Release|Win32
		{F1A1CE79-ED1F-4E69-9B1F-D5D5A0A9841F}.Release|x86.Build.0 = Release|Win32
		{172FD2CB-2195-48EA-B248-ADE93118CC81}.Debug|x64.ActiveCfg = Debug|x64
		{172FD2CB-2195-48EA-B248-ADE93118CC81}.Debug|x64.Build.0 = Debug|x64
		{172FD2CB-2195-48EA-B248-ADE93118CC81}.Debug|x86.ActiveCfg = Debug|Win32
		{172FD2CB-2195-48EA-B248-ADE93118CC81}.Debug|x86.Build.0 = Debug|Win32
		{172FD2CB-2195-48EA-B248-ADE93118CC81}.Release|x64.ActiveCfg = Release|x64
		{172FD2CB-2195-48EA-B248-ADE93118CC81}.Release|x64.Build.0 = Release|x64
		{172FD2CB-2195-48EA-B248-ADE93118CC81}.Release|x86.ActiveCfg = Release|Win32
		{172FD2CB-2195-48EA-B248-ADE93118CC81}.Release|x86.Build.0 = Release|Win32
		{9BAFB2E6-7A7D-4330-8576-1AEDE54A268F}.Debug|x64.ActiveCfg = Debug|x64
		{9BAFB2E6-7A7D-4330-8576-1AEDE54A268F}.Debug|x64.Build.0 = Debug|x64
		{9BAFB2E6-7A7D-4330-8576-1AEDE54A268F}.Debug|x86.ActiveCfg = Debug|Win32
		{9BAFB2E6-7A7D-4330-8576-1AEDE54A268F}.Debug|x86.Build.0 = Debug|Win32
		{9BAFB2E6-7A7D-4330-8576-1AEDE54A268F}.Release|x64.ActiveCfg = Release|x64
		{9BAFB2E6-7A7D-4330-8576-1AEDE54A268F}.Release|x64.Build.0 = Release|x64
		{9BAFB2E6-7A7D-4330-8576-1AEDE54A268F}.Release|x86.ActiveCfg = Release|Win32
		{9BAFB2E6-7A7D-4330-8576-1AEDE54A268F}.Release|x86.Build.0 = Release|Win32
		{B0B8D5B9-CF2A-457B-A212-9BB42AFC5EB5}.Debug|x64.ActiveCfg = Debug|x64
		{B0B8D5B9-CF2A-457B-A212-9BB42AFC5EB5}.Debug|x64.Build.0 = Debug|x64
		{B0B8D5B9-CF2A-457B-A212-9BB42AFC5EB5}.Debug|x86.ActiveCfg = Debug|Win32
		{B0B8D5B9-CF2A-457B-A212-9BB42AFC5EB5}.Debug|x86.Build.0 = Debug|Win32
		{B0B8D5B9-CF2A-457B-A212-9BB42AFC5EB5}.Release|x64.ActiveCfg = Release|x64
		{B0B8D5B9-CF2A-457B-A212-9BB42AFC5EB5}.Release|x64.Build.0 = Release|x64
		{B0B8D5B9-CF2A-457B-A212-9BB42AFC5EB5}.Release|x86.ActiveCfg = Release|Win32
		{B0B8D5B9-CF2A-457B-A212-9BB42AFC5EB5}.Release|x86.Build.0 = Release|Win32
	EndGlobalSection
	GlobalSection(SolutionProperties) = preSolution
		HideSolutionNode = FALSE
	EndGlobalSection
	GlobalSection(ExtensibilityGlobals) = postSolution
		SolutionGuid = {980F70F4-DFE7-4835-B31A-D943150840A1}
	EndGlobalSection
EndGlobal
